
Microsoft Visual Studio Solution File, Format Version 12.00
# Visual Studio Version 16
VisualStudioVersion = 16.0.28621.142
MinimumVisualStudioVersion = 10.0.40219.1
Project("{FAE04EC0-301F-11D3-BF4B-00C04F79EFBC}") = "Bookshelf", "Bookshelf\Bookshelf.csproj", "{D44BBE81-3FA8-45BB-AD8A-B4B4FE2EFBDB}"
EndProject
Global
	GlobalSection(SolutionConfigurationPlatforms) = preSolution
		Debug|Any CPU = Debug|Any CPU
		Release|Any CPU = Release|Any CPU
	EndGlobalSection
	GlobalSection(ProjectConfigurationPlatforms) = postSolution
		{D44BBE81-3FA8-45BB-AD8A-B4B4FE2EFBDB}.Debug|Any CPU.ActiveCfg = Debug|Any CPU
		{D44BBE81-3FA8-45BB-AD8A-B4B4FE2EFBDB}.Debug|Any CPU.Build.0 = Debug|Any CPU
		{D44BBE81-3FA8-45BB-AD8A-B4B4FE2EFBDB}.Release|Any CPU.ActiveCfg = Release|Any CPU
		{D44BBE81-3FA8-45BB-AD8A-B4B4FE2EFBDB}.Release|Any CPU.Build.0 = Release|Any CPU
	EndGlobalSection
	GlobalSection(SolutionProperties) = preSolution
		HideSolutionNode = FALSE
	EndGlobalSection
	GlobalSection(ExtensibilityGlobals) = postSolution
		SolutionGuid = {A65F2BF2-1DE8-48CA-B062-89F57869F115}
	EndGlobalSection
EndGlobal
